<?xml version="1.0" encoding="utf-8"?>
<Project ToolsVersion="4.0" xmlns="http://schemas.microsoft.com/developer/msbuild/2003">
  <ItemGroup>
    <Filter Include="Source Files">
      <UniqueIdentifier>{4FC737F1-C7A5-4376-A066-2A32D752A2FF}</UniqueIdentifier>
      <Extensions>cpp;c;cc;cxx;def;odl;idl;hpj;bat;asm;asmx</Extensions>
    </Filter>
    <Filter Include="Header Files">
      <UniqueIdentifier>{93995380-89BD-4b04-88EB-625FBE52EBFB}</UniqueIdentifier>
      <Extensions>h;hh;hpp;hxx;hm;inl;inc;ipp;xsd</Extensions>
    </Filter>
    <Filter Include="Resource Files">
      <UniqueIdentifier>{67DA6AB6-F800-4c08-8B7A-83BB121AAD01}</UniqueIdentifier>
      <Extensions>rc;ico;cur;bmp;dlg;rc2;rct;bin;rgs;gif;jpg;jpeg;jpe;resx;tiff;tif;png;wav;mfcribbon-ms</Extensions>
    </Filter>
    <Filter Include="Header Files\Command Headers">
      <UniqueIdentifier>{87e51bb7-b2a1-4c89-9ef1-b9b2c45ed457}</UniqueIdentifier>
    </Filter>
    <Filter Include="Header Files\State Headers">
      <UniqueIdentifier>{8c324304-e357-415c-baae-14d0ac45cee5}</UniqueIdentifier>
    </Filter>
  </ItemGroup>
  <ItemGroup>
    <ClInclude Include="Player.h">
      <Filter>Header Files</Filter>
    </ClInclude>
    <ClInclude Include="InputHandler.h">
      <Filter>Header Files</Filter>
    </ClInclude>
    <ClInclude Include="Animation.h">
      <Filter>Header Files</Filter>
    </ClInclude>
    <ClInclude Include="CrouchCommand.h">
      <Filter>Header Files\Command Headers</Filter>
    </ClInclude>
    <ClInclude Include="Command.h">
      <Filter>Header Files\Command Headers</Filter>
    </ClInclude>
    <ClInclude Include="FireCommand.h">
      <Filter>Header Files\Command Headers</Filter>
    </ClInclude>
    <ClInclude Include="JumpCommand.h">
      <Filter>Header Files\Command Headers</Filter>
    </ClInclude>
    <ClInclude Include="MeleeCommand.h">
      <Filter>Header Files\Command Headers</Filter>
    </ClInclude>
    <ClInclude Include="ShieldCommand.h">
      <Filter>Header Files\Command Headers</Filter>
    </ClInclude>
    <ClInclude Include="Crouch.h">
      <Filter>Header Files\State Headers</Filter>
    </ClInclude>
    <ClInclude Include="Idle.h">
      <Filter>Header Files\State Headers</Filter>
    </ClInclude>
    <ClInclude Include="Jump.h">
      <Filter>Header Files\State Headers</Filter>
    </ClInclude>
    <ClInclude Include="Melee.h">
      <Filter>Header Files\State Headers</Filter>
    </ClInclude>
    <ClInclude Include="Shield.h">
      <Filter>Header Files\State Headers</Filter>
    </ClInclude>
    <ClInclude Include="State.h">
      <Filter>Header Files\State Headers</Filter>
    </ClInclude>
    <ClInclude Include="Fire.h">
      <Filter>Header Files\State Headers</Filter>
    </ClInclude>
  </ItemGroup>
  <ItemGroup>
    <ClCompile Include="Player.cpp">
      <Filter>Source Files</Filter>
    </ClCompile>
    <ClCompile Include="Main.cpp">
      <Filter>Source Files</Filter>
    </ClCompile>
    <ClCompile Include="Animation.cpp">
      <Filter>Source Files</Filter>
    </ClCompile>
    <ClCompile Include="Idle.cpp">
      <Filter>Source Files</Filter>
    </ClCompile>
    <ClCompile Include="Jump.cpp">
      <Filter>Source Files</Filter>
    </ClCompile>
    <ClCompile Include="Crouch.cpp">
      <Filter>Source Files</Filter>
    </ClCompile>
    <ClCompile Include="Melee.cpp">
      <Filter>Source Files</Filter>
    </ClCompile>
    <ClCompile Include="Shield.cpp">
      <Filter>Source Files</Filter>
    </ClCompile>
    <ClCompile Include="Fire.cpp">
      <Filter>Source Files</Filter>
    </ClCompile>
  </ItemGroup>
</Project>